
Microsoft Visual Studio Solution File, Format Version 12.00
# Visual Studio Version 17
VisualStudioVersion = 17.4.33205.214
MinimumVisualStudioVersion = 10.0.40219.1
Project("{FAE04EC0-301F-11D3-BF4B-00C04F79EFBC}") = "Basic Array", "Basic Array\Basic Array.csproj", "{268297DB-1584-4614-82F9-D85869C3683D}"
EndProject
Project("{2150E333-8FDC-42A3-9474-1A3956D46DE8}") = "Array", "Array", "{A28669F8-C163-4FC1-8F52-D8354D923129}"
EndProject
Project("{FAE04EC0-301F-11D3-BF4B-00C04F79EFBC}") = "Adding_Number_String_Type", "Adding_Number_String_Type\Adding_Number_String_Type.csproj", "{C5F0D6D5-2A5B-427B-9608-129D80DFD6F8}"
EndProject
Project("{2150E333-8FDC-42A3-9474-1A3956D46DE8}") = "String", "String", "{BED3734A-9F88-41F9-B655-EAAAD697E68C}"
EndProject
Project("{FAE04EC0-301F-11D3-BF4B-00C04F79EFBC}") = "ReverseString", "ReverseString\ReverseString.csproj", "{A6F87F79-116B-4230-A8B1-B47F4C4C9280}"
EndProject
Project("{FAE04EC0-301F-11D3-BF4B-00C04F79EFBC}") = "ReverseEachWord", "ReverseEachWord\ReverseEachWord.csproj", "{A14C081F-08E7-4C86-BDEE-1A40F05304E5}"
EndProject
Project("{FAE04EC0-301F-11D3-BF4B-00C04F79EFBC}") = "GetCountOfEachCharacter", "GetCountOfEachCharacter\GetCountOfEachCharacter.csproj", "{C6F127D7-7545-44C3-8719-75BB0D4B14E8}"
EndProject
Project("{2150E333-8FDC-42A3-9474-1A3956D46DE8}") = "Singleton", "Singleton", "{C531BE55-DF79-4E9D-B8A0-A3D98A38765F}"
EndProject
Project("{FAE04EC0-301F-11D3-BF4B-00C04F79EFBC}") = "Singleton", "Singleton\Singleton.csproj", "{2C64BE79-495D-4FD5-AE49-13B2B1D7F701}"
EndProject
Project("{2150E333-8FDC-42A3-9474-1A3956D46DE8}") = "For Practice", "For Practice", "{A258CF4D-C90F-4126-9D66-4E1F0FBB7466}"
EndProject
Project("{FAE04EC0-301F-11D3-BF4B-00C04F79EFBC}") = "Practice", "Practice\Practice.csproj", "{25949825-E292-4E2F-81E2-9362FB2511BA}"
EndProject
Project("{FAE04EC0-301F-11D3-BF4B-00C04F79EFBC}") = "How to remove duplicate characters from a string", "How to remove duplicate characters from a string\How to remove duplicate characters from a string.csproj", "{8E096811-8908-470D-A8BE-19C131A5CC7A}"
EndProject
Project("{2150E333-8FDC-42A3-9474-1A3956D46DE8}") = "Remove duplicate characters from a string", "Remove duplicate characters from a string", "{F3C115F3-8827-4F61-A302-AD85156DAF08}"
EndProject
Project("{2150E333-8FDC-42A3-9474-1A3956D46DE8}") = "Number Pattern Program", "Number Pattern Program", "{723EB199-424E-4AC9-9D8A-119D0533B027}"
EndProject
Project("{FAE04EC0-301F-11D3-BF4B-00C04F79EFBC}") = "Number Pattern Program", "Number Pattern Program\Number Pattern Program.csproj", "{1F0DFEDD-A2E6-4B9A-A43A-2D67DC358FE8}"
EndProject
Project("{FAE04EC0-301F-11D3-BF4B-00C04F79EFBC}") = "NumberPattern2", "NumberPattern2\NumberPattern2.csproj", "{44BEE54D-6DBE-4B5A-A00E-C7C73066037D}"
EndProject
Project("{FAE04EC0-301F-11D3-BF4B-00C04F79EFBC}") = "NumberPattern3", "NumberPattern3\NumberPattern3.csproj", "{ED25157D-B310-41CF-89B5-12B89AB67698}"
EndProject
Project("{FAE04EC0-301F-11D3-BF4B-00C04F79EFBC}") = "NumberPattern4", "NumberPattern4\NumberPattern4.csproj", "{4EA51BFE-FDE5-4494-990C-F623FBEAF5CE}"
EndProject
Global
	GlobalSection(SolutionConfigurationPlatforms) = preSolution
		Debug|Any CPU = Debug|Any CPU
		Release|Any CPU = Release|Any CPU
	EndGlobalSection
	GlobalSection(ProjectConfigurationPlatforms) = postSolution
		{268297DB-1584-4614-82F9-D85869C3683D}.Debug|Any CPU.ActiveCfg = Debug|Any CPU
		{268297DB-1584-4614-82F9-D85869C3683D}.Debug|Any CPU.Build.0 = Debug|Any CPU
		{268297DB-1584-4614-82F9-D85869C3683D}.Release|Any CPU.ActiveCfg = Release|Any CPU
		{268297DB-1584-4614-82F9-D85869C3683D}.Release|Any CPU.Build.0 = Release|Any CPU
		{C5F0D6D5-2A5B-427B-9608-129D80DFD6F8}.Debug|Any CPU.ActiveCfg = Debug|Any CPU
		{C5F0D6D5-2A5B-427B-9608-129D80DFD6F8}.Debug|Any CPU.Build.0 = Debug|Any CPU
		{C5F0D6D5-2A5B-427B-9608-129D80DFD6F8}.Release|Any CPU.ActiveCfg = Release|Any CPU
		{C5F0D6D5-2A5B-427B-9608-129D80DFD6F8}.Release|Any CPU.Build.0 = Release|Any CPU
		{A6F87F79-116B-4230-A8B1-B47F4C4C9280}.Debug|Any CPU.ActiveCfg = Debug|Any CPU
		{A6F87F79-116B-4230-A8B1-B47F4C4C9280}.Debug|Any CPU.Build.0 = Debug|Any CPU
		{A6F87F79-116B-4230-A8B1-B47F4C4C9280}.Release|Any CPU.ActiveCfg = Release|Any CPU
		{A6F87F79-116B-4230-A8B1-B47F4C4C9280}.Release|Any CPU.Build.0 = Release|Any CPU
		{A14C081F-08E7-4C86-BDEE-1A40F05304E5}.Debug|Any CPU.ActiveCfg = Debug|Any CPU
		{A14C081F-08E7-4C86-BDEE-1A40F05304E5}.Debug|Any CPU.Build.0 = Debug|Any CPU
		{A14C081F-08E7-4C86-BDEE-1A40F05304E5}.Release|Any CPU.ActiveCfg = Release|Any CPU
		{A14C081F-08E7-4C86-BDEE-1A40F05304E5}.Release|Any CPU.Build.0 = Release|Any CPU
		{C6F127D7-7545-44C3-8719-75BB0D4B14E8}.Debug|Any CPU.ActiveCfg = Debug|Any CPU
		{C6F127D7-7545-44C3-8719-75BB0D4B14E8}.Debug|Any CPU.Build.0 = Debug|Any CPU
		{C6F127D7-7545-44C3-8719-75BB0D4B14E8}.Release|Any CPU.ActiveCfg = Release|Any CPU
		{C6F127D7-7545-44C3-8719-75BB0D4B14E8}.Release|Any CPU.Build.0 = Release|Any CPU
		{2C64BE79-495D-4FD5-AE49-13B2B1D7F701}.Debug|Any CPU.ActiveCfg = Debug|Any CPU
		{2C64BE79-495D-4FD5-AE49-13B2B1D7F701}.Debug|Any CPU.Build.0 = Debug|Any CPU
		{2C64BE79-495D-4FD5-AE49-13B2B1D7F701}.Release|Any CPU.ActiveCfg = Release|Any CPU
		{2C64BE79-495D-4FD5-AE49-13B2B1D7F701}.Release|Any CPU.Build.0 = Release|Any CPU
		{25949825-E292-4E2F-81E2-9362FB2511BA}.Debug|Any CPU.ActiveCfg = Debug|Any CPU
		{25949825-E292-4E2F-81E2-9362FB2511BA}.Debug|Any CPU.Build.0 = Debug|Any CPU
		{25949825-E292-4E2F-81E2-9362FB2511BA}.Release|Any CPU.ActiveCfg = Release|Any CPU
		{25949825-E292-4E2F-81E2-9362FB2511BA}.Release|Any CPU.Build.0 = Release|Any CPU
		{8E096811-8908-470D-A8BE-19C131A5CC7A}.Debug|Any CPU.ActiveCfg = Debug|Any CPU
		{8E096811-8908-470D-A8BE-19C131A5CC7A}.Debug|Any CPU.Build.0 = Debug|Any CPU
		{8E096811-8908-470D-A8BE-19C131A5CC7A}.Release|Any CPU.ActiveCfg = Release|Any CPU
		{8E096811-8908-470D-A8BE-19C131A5CC7A}.Release|Any CPU.Build.0 = Release|Any CPU
		{1F0DFEDD-A2E6-4B9A-A43A-2D67DC358FE8}.Debug|Any CPU.ActiveCfg = Debug|Any CPU
		{1F0DFEDD-A2E6-4B9A-A43A-2D67DC358FE8}.Debug|Any CPU.Build.0 = Debug|Any CPU
		{1F0DFEDD-A2E6-4B9A-A43A-2D67DC358FE8}.Release|Any CPU.ActiveCfg = Release|Any CPU
		{1F0DFEDD-A2E6-4B9A-A43A-2D67DC358FE8}.Release|Any CPU.Build.0 = Release|Any CPU
		{44BEE54D-6DBE-4B5A-A00E-C7C73066037D}.Debug|Any CPU.ActiveCfg = Debug|Any CPU
		{44BEE54D-6DBE-4B5A-A00E-C7C73066037D}.Debug|Any CPU.Build.0 = Debug|Any CPU
		{44BEE54D-6DBE-4B5A-A00E-C7C73066037D}.Release|Any CPU.ActiveCfg = Release|Any CPU
		{44BEE54D-6DBE-4B5A-A00E-C7C73066037D}.Release|Any CPU.Build.0 = Release|Any CPU
		{ED25157D-B310-41CF-89B5-12B89AB67698}.Debug|Any CPU.ActiveCfg = Debug|Any CPU
		{ED25157D-B310-41CF-89B5-12B89AB67698}.Debug|Any CPU.Build.0 = Debug|Any CPU
		{ED25157D-B310-41CF-89B5-12B89AB67698}.Release|Any CPU.ActiveCfg = Release|Any CPU
		{ED25157D-B310-41CF-89B5-12B89AB67698}.Release|Any CPU.Build.0 = Release|Any CPU
		{4EA51BFE-FDE5-4494-990C-F623FBEAF5CE}.Debug|Any CPU.ActiveCfg = Debug|Any CPU
		{4EA51BFE-FDE5-4494-990C-F623FBEAF5CE}.Debug|Any CPU.Build.0 = Debug|Any CPU
		{4EA51BFE-FDE5-4494-990C-F623FBEAF5CE}.Release|Any CPU.ActiveCfg = Release|Any CPU
		{4EA51BFE-FDE5-4494-990C-F623FBEAF5CE}.Release|Any CPU.Build.0 = Release|Any CPU
	EndGlobalSection
	GlobalSection(SolutionProperties) = preSolution
		HideSolutionNode = FALSE
	EndGlobalSection
	GlobalSection(NestedProjects) = preSolution
		{268297DB-1584-4614-82F9-D85869C3683D} = {A28669F8-C163-4FC1-8F52-D8354D923129}
		{C5F0D6D5-2A5B-427B-9608-129D80DFD6F8} = {A28669F8-C163-4FC1-8F52-D8354D923129}
		{A6F87F79-116B-4230-A8B1-B47F4C4C9280} = {BED3734A-9F88-41F9-B655-EAAAD697E68C}
		{A14C081F-08E7-4C86-BDEE-1A40F05304E5} = {BED3734A-9F88-41F9-B655-EAAAD697E68C}
		{C6F127D7-7545-44C3-8719-75BB0D4B14E8} = {BED3734A-9F88-41F9-B655-EAAAD697E68C}
		{2C64BE79-495D-4FD5-AE49-13B2B1D7F701} = {C531BE55-DF79-4E9D-B8A0-A3D98A38765F}
		{25949825-E292-4E2F-81E2-9362FB2511BA} = {A258CF4D-C90F-4126-9D66-4E1F0FBB7466}
		{8E096811-8908-470D-A8BE-19C131A5CC7A} = {F3C115F3-8827-4F61-A302-AD85156DAF08}
		{1F0DFEDD-A2E6-4B9A-A43A-2D67DC358FE8} = {723EB199-424E-4AC9-9D8A-119D0533B027}
		{44BEE54D-6DBE-4B5A-A00E-C7C73066037D} = {723EB199-424E-4AC9-9D8A-119D0533B027}
		{ED25157D-B310-41CF-89B5-12B89AB67698} = {723EB199-424E-4AC9-9D8A-119D0533B027}
		{4EA51BFE-FDE5-4494-990C-F623FBEAF5CE} = {723EB199-424E-4AC9-9D8A-119D0533B027}
	EndGlobalSection
	GlobalSection(ExtensibilityGlobals) = postSolution
		SolutionGuid = {C72467CC-5993-419D-8927-0A82E264D380}
	EndGlobalSection
EndGlobal
